
Microsoft Visual Studio Solution File, Format Version 12.00
# Visual Studio 15
VisualStudioVersion = 15.0.26730.8
MinimumVisualStudioVersion = 10.0.40219.1
Project("{FAE04EC0-301F-11D3-BF4B-00C04F79EFBC}") = "SauliBlog", "SauliBlog\SauliBlog.csproj", "{B6D79BEC-3881-457E-A674-87C01B3C7A66}"
EndProject
Global
	GlobalSection(SolutionConfigurationPlatforms) = preSolution
		Debug|Any CPU = Debug|Any CPU
		Release|Any CPU = Release|Any CPU
	EndGlobalSection
	GlobalSection(ProjectConfigurationPlatforms) = postSolution
		{B6D79BEC-3881-457E-A674-87C01B3C7A66}.Debug|Any CPU.ActiveCfg = Debug|Any CPU
		{B6D79BEC-3881-457E-A674-87C01B3C7A66}.Debug|Any CPU.Build.0 = Debug|Any CPU
		{B6D79BEC-3881-457E-A674-87C01B3C7A66}.Release|Any CPU.ActiveCfg = Release|Any CPU
		{B6D79BEC-3881-457E-A674-87C01B3C7A66}.Release|Any CPU.Build.0 = Release|Any CPU
	EndGlobalSection
	GlobalSection(SolutionProperties) = preSolution
		HideSolutionNode = FALSE
	EndGlobalSection
	GlobalSection(ExtensibilityGlobals) = postSolution
		SolutionGuid = {920792FA-B97E-407D-8117-84CFE5F72453}
	EndGlobalSection
EndGlobal
